
Microsoft Visual Studio Solution File, Format Version 12.00
# Visual Studio Version 17
VisualStudioVersion = 17.5.33516.290
MinimumVisualStudioVersion = 10.0.40219.1
Project("{2150E333-8FDC-42A3-9474-1A3956D46DE8}") = "Services", "Services", "{23C57EAC-1E1A-48C2-8923-369957246D32}"
EndProject
Project("{2150E333-8FDC-42A3-9474-1A3956D46DE8}") = "Catalog", "Catalog", "{85E43372-0306-435D-8B90-39E8420A5427}"
EndProject
Project("{9A19103F-16F7-4668-BE54-9A1E7A4F7556}") = "Catalog.API", "Services\Catalog\Catalog.API\Catalog.API.csproj", "{C7D57144-813F-4978-BC9F-040DC5E96025}"
EndProject
Project("{E53339B2-1760-4266-BCC7-CA923CBCF16C}") = "docker-compose", "docker-compose.dcproj", "{2440FAB8-7306-496A-BF09-97D3122FF472}"
EndProject
Project("{2150E333-8FDC-42A3-9474-1A3956D46DE8}") = "Busket", "Busket", "{D5B15E76-FB9C-4258-9887-03D9B3008049}"
EndProject
Project("{9A19103F-16F7-4668-BE54-9A1E7A4F7556}") = "Busket.API", "Services\Busket\Busket.API\Busket.API.csproj", "{BD3F282D-BDC1-4851-AA8C-62F2A561A430}"
EndProject
Project("{2150E333-8FDC-42A3-9474-1A3956D46DE8}") = "Discount", "Discount", "{731DC090-1A77-4952-901D-A7A9A0A8CA42}"
EndProject
Project("{9A19103F-16F7-4668-BE54-9A1E7A4F7556}") = "Discount.API", "Services\Discount\Discount.API\Discount.API.csproj", "{5E209181-FBD4-4C64-BE13-719A3823634B}"
EndProject
Project("{9A19103F-16F7-4668-BE54-9A1E7A4F7556}") = "Discount.Grpc", "Services\Discount\Discount.Grpc\Discount.Grpc.csproj", "{E8B6D92D-CA57-479E-9982-2CFDEC9AD6B7}"
EndProject
Project("{2150E333-8FDC-42A3-9474-1A3956D46DE8}") = "Ordering", "Ordering", "{AEDC930A-70BD-4767-BA56-78FB2834CC09}"
EndProject
Project("{9A19103F-16F7-4668-BE54-9A1E7A4F7556}") = "Ordering.API", "Services\Ordering\Ordering.API\Ordering.API.csproj", "{36F565F9-53EB-4690-977D-5E5F742490EB}"
EndProject
Project("{9A19103F-16F7-4668-BE54-9A1E7A4F7556}") = "Ordering.Domain", "Services\Ordering\Ordering.Domain\Ordering.Domain.csproj", "{1D6D022A-DA67-46DA-B72C-83F67B04B902}"
EndProject
Project("{9A19103F-16F7-4668-BE54-9A1E7A4F7556}") = "Ordering.Application", "Services\Ordering\Ordering.Application\Ordering.Application.csproj", "{DE6B4A75-927A-4055-935D-2883A27F06CF}"
EndProject
Project("{9A19103F-16F7-4668-BE54-9A1E7A4F7556}") = "Ordering.Infrastructure", "Services\Ordering\Ordering.Infrastructure\Ordering.Infrastructure.csproj", "{4C866F6D-6C3C-44EF-930D-0BAE24640438}"
EndProject
Project("{2150E333-8FDC-42A3-9474-1A3956D46DE8}") = "BuildingBlocks", "BuildingBlocks", "{16D10A22-2783-4725-82F0-1C67AAA72E4C}"
EndProject
Project("{FAE04EC0-301F-11D3-BF4B-00C04F79EFBC}") = "EventBus.Messages", "BuildingBlocks\EventBus.Messages\EventBus.Messages.csproj", "{BBD124D0-58CD-4ED0-A243-17E001E43885}"
EndProject
Global
	GlobalSection(SolutionConfigurationPlatforms) = preSolution
		Debug|Any CPU = Debug|Any CPU
		Release|Any CPU = Release|Any CPU
	EndGlobalSection
	GlobalSection(ProjectConfigurationPlatforms) = postSolution
		{C7D57144-813F-4978-BC9F-040DC5E96025}.Debug|Any CPU.ActiveCfg = Debug|Any CPU
		{C7D57144-813F-4978-BC9F-040DC5E96025}.Debug|Any CPU.Build.0 = Debug|Any CPU
		{C7D57144-813F-4978-BC9F-040DC5E96025}.Release|Any CPU.ActiveCfg = Release|Any CPU
		{C7D57144-813F-4978-BC9F-040DC5E96025}.Release|Any CPU.Build.0 = Release|Any CPU
		{2440FAB8-7306-496A-BF09-97D3122FF472}.Debug|Any CPU.ActiveCfg = Debug|Any CPU
		{2440FAB8-7306-496A-BF09-97D3122FF472}.Debug|Any CPU.Build.0 = Debug|Any CPU
		{2440FAB8-7306-496A-BF09-97D3122FF472}.Release|Any CPU.ActiveCfg = Release|Any CPU
		{2440FAB8-7306-496A-BF09-97D3122FF472}.Release|Any CPU.Build.0 = Release|Any CPU
		{BD3F282D-BDC1-4851-AA8C-62F2A561A430}.Debug|Any CPU.ActiveCfg = Debug|Any CPU
		{BD3F282D-BDC1-4851-AA8C-62F2A561A430}.Debug|Any CPU.Build.0 = Debug|Any CPU
		{BD3F282D-BDC1-4851-AA8C-62F2A561A430}.Release|Any CPU.ActiveCfg = Release|Any CPU
		{BD3F282D-BDC1-4851-AA8C-62F2A561A430}.Release|Any CPU.Build.0 = Release|Any CPU
		{5E209181-FBD4-4C64-BE13-719A3823634B}.Debug|Any CPU.ActiveCfg = Debug|Any CPU
		{5E209181-FBD4-4C64-BE13-719A3823634B}.Debug|Any CPU.Build.0 = Debug|Any CPU
		{5E209181-FBD4-4C64-BE13-719A3823634B}.Release|Any CPU.ActiveCfg = Release|Any CPU
		{5E209181-FBD4-4C64-BE13-719A3823634B}.Release|Any CPU.Build.0 = Release|Any CPU
		{E8B6D92D-CA57-479E-9982-2CFDEC9AD6B7}.Debug|Any CPU.ActiveCfg = Debug|Any CPU
		{E8B6D92D-CA57-479E-9982-2CFDEC9AD6B7}.Debug|Any CPU.Build.0 = Debug|Any CPU
		{E8B6D92D-CA57-479E-9982-2CFDEC9AD6B7}.Release|Any CPU.ActiveCfg = Release|Any CPU
		{E8B6D92D-CA57-479E-9982-2CFDEC9AD6B7}.Release|Any CPU.Build.0 = Release|Any CPU
		{36F565F9-53EB-4690-977D-5E5F742490EB}.Debug|Any CPU.ActiveCfg = Debug|Any CPU
		{36F565F9-53EB-4690-977D-5E5F742490EB}.Debug|Any CPU.Build.0 = Debug|Any CPU
		{36F565F9-53EB-4690-977D-5E5F742490EB}.Release|Any CPU.ActiveCfg = Release|Any CPU
		{36F565F9-53EB-4690-977D-5E5F742490EB}.Release|Any CPU.Build.0 = Release|Any CPU
		{1D6D022A-DA67-46DA-B72C-83F67B04B902}.Debug|Any CPU.ActiveCfg = Debug|Any CPU
		{1D6D022A-DA67-46DA-B72C-83F67B04B902}.Debug|Any CPU.Build.0 = Debug|Any CPU
		{1D6D022A-DA67-46DA-B72C-83F67B04B902}.Release|Any CPU.ActiveCfg = Release|Any CPU
		{1D6D022A-DA67-46DA-B72C-83F67B04B902}.Release|Any CPU.Build.0 = Release|Any CPU
		{DE6B4A75-927A-4055-935D-2883A27F06CF}.Debug|Any CPU.ActiveCfg = Debug|Any CPU
		{DE6B4A75-927A-4055-935D-2883A27F06CF}.Debug|Any CPU.Build.0 = Debug|Any CPU
		{DE6B4A75-927A-4055-935D-2883A27F06CF}.Release|Any CPU.ActiveCfg = Release|Any CPU
		{DE6B4A75-927A-4055-935D-2883A27F06CF}.Release|Any CPU.Build.0 = Release|Any CPU
		{4C866F6D-6C3C-44EF-930D-0BAE24640438}.Debug|Any CPU.ActiveCfg = Debug|Any CPU
		{4C866F6D-6C3C-44EF-930D-0BAE24640438}.Debug|Any CPU.Build.0 = Debug|Any CPU
		{4C866F6D-6C3C-44EF-930D-0BAE24640438}.Release|Any CPU.ActiveCfg = Release|Any CPU
		{4C866F6D-6C3C-44EF-930D-0BAE24640438}.Release|Any CPU.Build.0 = Release|Any CPU
		{BBD124D0-58CD-4ED0-A243-17E001E43885}.Debug|Any CPU.ActiveCfg = Debug|Any CPU
		{BBD124D0-58CD-4ED0-A243-17E001E43885}.Debug|Any CPU.Build.0 = Debug|Any CPU
		{BBD124D0-58CD-4ED0-A243-17E001E43885}.Release|Any CPU.ActiveCfg = Release|Any CPU
		{BBD124D0-58CD-4ED0-A243-17E001E43885}.Release|Any CPU.Build.0 = Release|Any CPU
	EndGlobalSection
	GlobalSection(SolutionProperties) = preSolution
		HideSolutionNode = FALSE
	EndGlobalSection
	GlobalSection(NestedProjects) = preSolution
		{85E43372-0306-435D-8B90-39E8420A5427} = {23C57EAC-1E1A-48C2-8923-369957246D32}
		{C7D57144-813F-4978-BC9F-040DC5E96025} = {85E43372-0306-435D-8B90-39E8420A5427}
		{D5B15E76-FB9C-4258-9887-03D9B3008049} = {23C57EAC-1E1A-48C2-8923-369957246D32}
		{BD3F282D-BDC1-4851-AA8C-62F2A561A430} = {D5B15E76-FB9C-4258-9887-03D9B3008049}
		{731DC090-1A77-4952-901D-A7A9A0A8CA42} = {23C57EAC-1E1A-48C2-8923-369957246D32}
		{5E209181-FBD4-4C64-BE13-719A3823634B} = {731DC090-1A77-4952-901D-A7A9A0A8CA42}
		{E8B6D92D-CA57-479E-9982-2CFDEC9AD6B7} = {731DC090-1A77-4952-901D-A7A9A0A8CA42}
		{AEDC930A-70BD-4767-BA56-78FB2834CC09} = {23C57EAC-1E1A-48C2-8923-369957246D32}
		{36F565F9-53EB-4690-977D-5E5F742490EB} = {AEDC930A-70BD-4767-BA56-78FB2834CC09}
		{1D6D022A-DA67-46DA-B72C-83F67B04B902} = {AEDC930A-70BD-4767-BA56-78FB2834CC09}
		{DE6B4A75-927A-4055-935D-2883A27F06CF} = {AEDC930A-70BD-4767-BA56-78FB2834CC09}
		{4C866F6D-6C3C-44EF-930D-0BAE24640438} = {AEDC930A-70BD-4767-BA56-78FB2834CC09}
		{BBD124D0-58CD-4ED0-A243-17E001E43885} = {16D10A22-2783-4725-82F0-1C67AAA72E4C}
	EndGlobalSection
	GlobalSection(ExtensibilityGlobals) = postSolution
		SolutionGuid = {7E39F58C-9CFA-4841-B3B2-FF5E4BD30395}
	EndGlobalSection
EndGlobal
